
Microsoft Visual Studio Solution File, Format Version 12.00
# Visual Studio Version 16
VisualStudioVersion = 16.0.31005.135
MinimumVisualStudioVersion = 10.0.40219.1
Project("{FAE04EC0-301F-11D3-BF4B-00C04F79EFBC}") = "SimpleWPF", "SimpleWPF\SimpleWPF.csproj", "{272EFEAA-15B9-496E-9C4C-4CB313D9A45B}"
EndProject
Project("{FAE04EC0-301F-11D3-BF4B-00C04F79EFBC}") = "ToSerializeCharacter", "ToSerializeCharacter\ToSerializeCharacter.csproj", "{78A8C318-480B-40AD-8114-E62A79840B98}"
EndProject
Global
	GlobalSection(SolutionConfigurationPlatforms) = preSolution
		Debug|Any CPU = Debug|Any CPU
		Release|Any CPU = Release|Any CPU
	EndGlobalSection
	GlobalSection(ProjectConfigurationPlatforms) = postSolution
		{272EFEAA-15B9-496E-9C4C-4CB313D9A45B}.Debug|Any CPU.ActiveCfg = Debug|Any CPU
		{272EFEAA-15B9-496E-9C4C-4CB313D9A45B}.Debug|Any CPU.Build.0 = Debug|Any CPU
		{272EFEAA-15B9-496E-9C4C-4CB313D9A45B}.Release|Any CPU.ActiveCfg = Release|Any CPU
		{272EFEAA-15B9-496E-9C4C-4CB313D9A45B}.Release|Any CPU.Build.0 = Release|Any CPU
		{78A8C318-480B-40AD-8114-E62A79840B98}.Debug|Any CPU.ActiveCfg = Debug|Any CPU
		{78A8C318-480B-40AD-8114-E62A79840B98}.Debug|Any CPU.Build.0 = Debug|Any CPU
		{78A8C318-480B-40AD-8114-E62A79840B98}.Release|Any CPU.ActiveCfg = Release|Any CPU
		{78A8C318-480B-40AD-8114-E62A79840B98}.Release|Any CPU.Build.0 = Release|Any CPU
	EndGlobalSection
	GlobalSection(SolutionProperties) = preSolution
		HideSolutionNode = FALSE
	EndGlobalSection
	GlobalSection(ExtensibilityGlobals) = postSolution
		SolutionGuid = {96CCB245-E227-408B-AB3C-0A8DF2EC7361}
	EndGlobalSection
EndGlobal
